
Microsoft Visual Studio Solution File, Format Version 12.00
Project("{FAE04EC0-301F-11D3-BF4B-00C04F79EFBC}") = "Delegate_Exercise", "Delegate_Exercise\Delegate_Exercise.csproj", "{2346E97C-FFA8-4EFA-AA01-1B9D83BDC803}"
EndProject
Project("{FAE04EC0-301F-11D3-BF4B-00C04F79EFBC}") = "FileParserNetStandard", "FileParserNetStandard\FileParserNetStandard.csproj", "{3ED47081-9DAF-44AF-BE6E-0D4A4E5873AA}"
EndProject
Project("{FAE04EC0-301F-11D3-BF4B-00C04F79EFBC}") = "FileParserNetStandard_Tests", "FileParserNetStandard_Tests\FileParserNetStandard_Tests.csproj", "{22008748-AFDE-4D78-952F-BCB2FA9FC697}"
EndProject
Project("{FAE04EC0-301F-11D3-BF4B-00C04F79EFBC}") = "PersonHandler_Tests", "PersonHandler_Tests\PersonHandler_Tests.csproj", "{C5E28619-56D4-4761-A9FA-BC8613AB6996}"
EndProject
Global
	GlobalSection(SolutionConfigurationPlatforms) = preSolution
		Debug|Any CPU = Debug|Any CPU
		Release|Any CPU = Release|Any CPU
	EndGlobalSection
	GlobalSection(ProjectConfigurationPlatforms) = postSolution
		{2346E97C-FFA8-4EFA-AA01-1B9D83BDC803}.Debug|Any CPU.ActiveCfg = Debug|Any CPU
		{2346E97C-FFA8-4EFA-AA01-1B9D83BDC803}.Debug|Any CPU.Build.0 = Debug|Any CPU
		{2346E97C-FFA8-4EFA-AA01-1B9D83BDC803}.Release|Any CPU.ActiveCfg = Release|Any CPU
		{2346E97C-FFA8-4EFA-AA01-1B9D83BDC803}.Release|Any CPU.Build.0 = Release|Any CPU
		{3ED47081-9DAF-44AF-BE6E-0D4A4E5873AA}.Debug|Any CPU.ActiveCfg = Debug|Any CPU
		{3ED47081-9DAF-44AF-BE6E-0D4A4E5873AA}.Debug|Any CPU.Build.0 = Debug|Any CPU
		{3ED47081-9DAF-44AF-BE6E-0D4A4E5873AA}.Release|Any CPU.ActiveCfg = Release|Any CPU
		{3ED47081-9DAF-44AF-BE6E-0D4A4E5873AA}.Release|Any CPU.Build.0 = Release|Any CPU
		{22008748-AFDE-4D78-952F-BCB2FA9FC697}.Debug|Any CPU.ActiveCfg = Debug|Any CPU
		{22008748-AFDE-4D78-952F-BCB2FA9FC697}.Debug|Any CPU.Build.0 = Debug|Any CPU
		{22008748-AFDE-4D78-952F-BCB2FA9FC697}.Release|Any CPU.ActiveCfg = Release|Any CPU
		{22008748-AFDE-4D78-952F-BCB2FA9FC697}.Release|Any CPU.Build.0 = Release|Any CPU
		{C5E28619-56D4-4761-A9FA-BC8613AB6996}.Debug|Any CPU.ActiveCfg = Debug|Any CPU
		{C5E28619-56D4-4761-A9FA-BC8613AB6996}.Debug|Any CPU.Build.0 = Debug|Any CPU
		{C5E28619-56D4-4761-A9FA-BC8613AB6996}.Release|Any CPU.ActiveCfg = Release|Any CPU
		{C5E28619-56D4-4761-A9FA-BC8613AB6996}.Release|Any CPU.Build.0 = Release|Any CPU
	EndGlobalSection
EndGlobal
